
Microsoft Visual Studio Solution File, Format Version 12.00
# Visual Studio Version 17
VisualStudioVersion = 17.9.34616.47
MinimumVisualStudioVersion = 10.0.40219.1
Project("{FAE04EC0-301F-11D3-BF4B-00C04F79EFBC}") = "WebApplication11", "WebApplication11\WebApplication11.csproj", "{AC153609-972B-461F-87EF-F19D74C5628C}"
EndProject
Global
	GlobalSection(SolutionConfigurationPlatforms) = preSolution
		Debug|Any CPU = Debug|Any CPU
		Release|Any CPU = Release|Any CPU
	EndGlobalSection
	GlobalSection(ProjectConfigurationPlatforms) = postSolution
		{AC153609-972B-461F-87EF-F19D74C5628C}.Debug|Any CPU.ActiveCfg = Debug|Any CPU
		{AC153609-972B-461F-87EF-F19D74C5628C}.Debug|Any CPU.Build.0 = Debug|Any CPU
		{AC153609-972B-461F-87EF-F19D74C5628C}.Release|Any CPU.ActiveCfg = Release|Any CPU
		{AC153609-972B-461F-87EF-F19D74C5628C}.Release|Any CPU.Build.0 = Release|Any CPU
	EndGlobalSection
	GlobalSection(SolutionProperties) = preSolution
		HideSolutionNode = FALSE
	EndGlobalSection
	GlobalSection(ExtensibilityGlobals) = postSolution
		SolutionGuid = {BA7C5E7D-4022-4092-92B9-66531B16B81E}
	EndGlobalSection
EndGlobal
